// !$*UTF8*$!
{
	archiveVersion = 1;
	classes = {
	};
	objectVersion = 50;
	objects = {

/* Begin PBXBuildFile section */
		7D66D89824B41EFB0019BFF0 /* Constants.swift in Sources */ = {isa = PBXBuildFile; fileRef = 7D66D89724B41EFB0019BFF0 /* Constants.swift */; };
		7D66D89A24B424160019BFF0 /* HomeController.swift in Sources */ = {isa = PBXBuildFile; fileRef = 7D66D89924B424160019BFF0 /* HomeController.swift */; };
		7D66D89C24B4244D0019BFF0 /* SearchController.swift in Sources */ = {isa = PBXBuildFile; fileRef = 7D66D89B24B4244D0019BFF0 /* SearchController.swift */; };
		7D66D89E24B424830019BFF0 /* KeyController.swift in Sources */ = {isa = PBXBuildFile; fileRef = 7D66D89D24B424830019BFF0 /* KeyController.swift */; };
		7D66D8A024B4249B0019BFF0 /* LoginController.swift in Sources */ = {isa = PBXBuildFile; fileRef = 7D66D89F24B4249B0019BFF0 /* LoginController.swift */; };
		7D66D8A224B424B20019BFF0 /* FlashCardController.swift in Sources */ = {isa = PBXBuildFile; fileRef = 7D66D8A124B424B20019BFF0 /* FlashCardController.swift */; };
		7D66D8A424B424C20019BFF0 /* LessonsController.swift in Sources */ = {isa = PBXBuildFile; fileRef = 7D66D8A324B424C20019BFF0 /* LessonsController.swift */; };
		7D77098524B566300009B93B /* Extensions.swift in Sources */ = {isa = PBXBuildFile; fileRef = 7D77098424B5662F0009B93B /* Extensions.swift */; };
		7D77098724B691DF0009B93B /* PrevSearchCell.swift in Sources */ = {isa = PBXBuildFile; fileRef = 7D77098624B691DF0009B93B /* PrevSearchCell.swift */; };
		7D77098C24B7A2B20009B93B /* ResultsController.swift in Sources */ = {isa = PBXBuildFile; fileRef = 7D77098B24B7A2B10009B93B /* ResultsController.swift */; };
		7D907C4924C00958007D5894 /* DynamicCollectionView.swift in Sources */ = {isa = PBXBuildFile; fileRef = 7D907C4824C00958007D5894 /* DynamicCollectionView.swift */; };
		7DD1B09D24B8F0BE0052BC7B /* SearchType.swift in Sources */ = {isa = PBXBuildFile; fileRef = 7DD1B09C24B8F0BA0052BC7B /* SearchType.swift */; };
		7DD1B09F24BD06AB0052BC7B /* SoundItOutCell.swift in Sources */ = {isa = PBXBuildFile; fileRef = 7DD1B09E24BD06AB0052BC7B /* SoundItOutCell.swift */; };
		7DFBA8C624B4189500618332 /* AppDelegate.swift in Sources */ = {isa = PBXBuildFile; fileRef = 7DFBA8C524B4189500618332 /* AppDelegate.swift */; };
		7DFBA8C824B4189500618332 /* SceneDelegate.swift in Sources */ = {isa = PBXBuildFile; fileRef = 7DFBA8C724B4189500618332 /* SceneDelegate.swift */; };
		7DFBA8CA24B4189500618332 /* TabBarController.swift in Sources */ = {isa = PBXBuildFile; fileRef = 7DFBA8C924B4189500618332 /* TabBarController.swift */; };
		7DFBA8CF24B418A200618332 /* Assets.xcassets in Resources */ = {isa = PBXBuildFile; fileRef = 7DFBA8CE24B418A200618332 /* Assets.xcassets */; };
		7DFBA8D224B418A200618332 /* LaunchScreen.storyboard in Resources */ = {isa = PBXBuildFile; fileRef = 7DFBA8D024B418A200618332 /* LaunchScreen.storyboard */; };
/* End PBXBuildFile section */

/* Begin PBXFileReference section */
		7D66D89724B41EFB0019BFF0 /* Constants.swift */ = {isa = PBXFileReference; lastKnownFileType = sourcecode.swift; path = Constants.swift; sourceTree = "<group>"; };
		7D66D89924B424160019BFF0 /* HomeController.swift */ = {isa = PBXFileReference; lastKnownFileType = sourcecode.swift; path = HomeController.swift; sourceTree = "<group>"; };
		7D66D89B24B4244D0019BFF0 /* SearchController.swift */ = {isa = PBXFileReference; lastKnownFileType = sourcecode.swift; path = SearchController.swift; sourceTree = "<group>"; };
		7D66D89D24B424830019BFF0 /* KeyController.swift */ = {isa = PBXFileReference; lastKnownFileType = sourcecode.swift; path = KeyController.swift; sourceTree = "<group>"; };
		7D66D89F24B4249B0019BFF0 /* LoginController.swift */ = {isa = PBXFileReference; lastKnownFileType = sourcecode.swift; path = LoginController.swift; sourceTree = "<group>"; };
		7D66D8A124B424B20019BFF0 /* FlashCardController.swift */ = {isa = PBXFileReference; lastKnownFileType = sourcecode.swift; path = FlashCardController.swift; sourceTree = "<group>"; };
		7D66D8A324B424C20019BFF0 /* LessonsController.swift */ = {isa = PBXFileReference; lastKnownFileType = sourcecode.swift; path = LessonsController.swift; sourceTree = "<group>"; };
		7D77098424B5662F0009B93B /* Extensions.swift */ = {isa = PBXFileReference; lastKnownFileType = sourcecode.swift; path = Extensions.swift; sourceTree = "<group>"; };
		7D77098624B691DF0009B93B /* PrevSearchCell.swift */ = {isa = PBXFileReference; lastKnownFileType = sourcecode.swift; path = PrevSearchCell.swift; sourceTree = "<group>"; };
		7D77098B24B7A2B10009B93B /* ResultsController.swift */ = {isa = PBXFileReference; lastKnownFileType = sourcecode.swift; path = ResultsController.swift; sourceTree = "<group>"; };
		7D907C4824C00958007D5894 /* DynamicCollectionView.swift */ = {isa = PBXFileReference; lastKnownFileType = sourcecode.swift; path = DynamicCollectionView.swift; sourceTree = "<group>"; };
		7DD1B09C24B8F0BA0052BC7B /* SearchType.swift */ = {isa = PBXFileReference; lastKnownFileType = sourcecode.swift; path = SearchType.swift; sourceTree = "<group>"; };
		7DD1B09E24BD06AB0052BC7B /* SoundItOutCell.swift */ = {isa = PBXFileReference; lastKnownFileType = sourcecode.swift; path = SoundItOutCell.swift; sourceTree = "<group>"; };
		7DFBA8C224B4189500618332 /* Aura.app */ = {isa = PBXFileReference; explicitFileType = wrapper.application; includeInIndex = 0; path = Aura.app; sourceTree = BUILT_PRODUCTS_DIR; };
		7DFBA8C524B4189500618332 /* AppDelegate.swift */ = {isa = PBXFileReference; lastKnownFileType = sourcecode.swift; path = AppDelegate.swift; sourceTree = "<group>"; };
		7DFBA8C724B4189500618332 /* SceneDelegate.swift */ = {isa = PBXFileReference; lastKnownFileType = sourcecode.swift; path = SceneDelegate.swift; sourceTree = "<group>"; };
		7DFBA8C924B4189500618332 /* TabBarController.swift */ = {isa = PBXFileReference; lastKnownFileType = sourcecode.swift; path = TabBarController.swift; sourceTree = "<group>"; };
		7DFBA8CE24B418A200618332 /* Assets.xcassets */ = {isa = PBXFileReference; lastKnownFileType = folder.assetcatalog; path = Assets.xcassets; sourceTree = "<group>"; };
		7DFBA8D124B418A200618332 /* Base */ = {isa = PBXFileReference; lastKnownFileType = file.storyboard; name = Base; path = Base.lproj/LaunchScreen.storyboard; sourceTree = "<group>"; };
		7DFBA8D324B418A200618332 /* Info.plist */ = {isa = PBXFileReference; lastKnownFileType = text.plist.xml; path = Info.plist; sourceTree = "<group>"; };
/* End PBXFileReference section */

/* Begin PBXFrameworksBuildPhase section */
		7DFBA8BF24B4189500618332 /* Frameworks */ = {
			isa = PBXFrameworksBuildPhase;
			buildActionMask = 2147483647;
			files = (
			);
			runOnlyForDeploymentPostprocessing = 0;
		};
/* End PBXFrameworksBuildPhase section */

/* Begin PBXGroup section */
		7D66D89624B41EE20019BFF0 /* Utilities */ = {
			isa = PBXGroup;
			children = (
				7D66D89724B41EFB0019BFF0 /* Constants.swift */,
				7D77098424B5662F0009B93B /* Extensions.swift */,
			);
			path = Utilities;
			sourceTree = "<group>";
		};
		7D77098824B79FD30009B93B /* View Controllers */ = {
			isa = PBXGroup;
			children = (
				7DFBA8C924B4189500618332 /* TabBarController.swift */,
				7D66D89924B424160019BFF0 /* HomeController.swift */,
				7D77098A24B7A2660009B93B /* Search Stack */,
				7D66D89D24B424830019BFF0 /* KeyController.swift */,
				7D66D89F24B4249B0019BFF0 /* LoginController.swift */,
				7D66D8A124B424B20019BFF0 /* FlashCardController.swift */,
				7D66D8A324B424C20019BFF0 /* LessonsController.swift */,
			);
			path = "View Controllers";
			sourceTree = "<group>";
		};
		7D77098924B79FED0009B93B /* Cells */ = {
			isa = PBXGroup;
			children = (
				7D77098624B691DF0009B93B /* PrevSearchCell.swift */,
				7DD1B09E24BD06AB0052BC7B /* SoundItOutCell.swift */,
			);
			path = Cells;
			sourceTree = "<group>";
		};
		7D77098A24B7A2660009B93B /* Search Stack */ = {
			isa = PBXGroup;
			children = (
				7D66D89B24B4244D0019BFF0 /* SearchController.swift */,
				7D77098B24B7A2B10009B93B /* ResultsController.swift */,
			);
			path = "Search Stack";
			sourceTree = "<group>";
		};
		7DFBA8B924B4189400618332 = {
			isa = PBXGroup;
			children = (
				7DFBA8C424B4189500618332 /* Aura */,
				7DFBA8C324B4189500618332 /* Products */,
			);
			sourceTree = "<group>";
		};
		7DFBA8C324B4189500618332 /* Products */ = {
			isa = PBXGroup;
			children = (
				7DFBA8C224B4189500618332 /* Aura.app */,
			);
			name = Products;
			sourceTree = "<group>";
		};
		7DFBA8C424B4189500618332 /* Aura */ = {
			isa = PBXGroup;
			children = (
				7D66D89624B41EE20019BFF0 /* Utilities */,
				7DFBA8DB24B41BA900618332 /* Model */,
				7DFBA8DA24B41B9E00618332 /* View */,
				7DFBA8D924B41B9700618332 /* Controller */,
				7DFBA8C524B4189500618332 /* AppDelegate.swift */,
				7DFBA8C724B4189500618332 /* SceneDelegate.swift */,
				7DFBA8CE24B418A200618332 /* Assets.xcassets */,
				7DFBA8D024B418A200618332 /* LaunchScreen.storyboard */,
				7DFBA8D324B418A200618332 /* Info.plist */,
			);
			path = Aura;
			sourceTree = "<group>";
		};
		7DFBA8D924B41B9700618332 /* Controller */ = {
			isa = PBXGroup;
			children = (
				7D77098824B79FD30009B93B /* View Controllers */,
				7D77098924B79FED0009B93B /* Cells */,
			);
			path = Controller;
			sourceTree = "<group>";
		};
		7DFBA8DA24B41B9E00618332 /* View */ = {
			isa = PBXGroup;
			children = (
			);
			path = View;
			sourceTree = "<group>";
		};
		7DFBA8DB24B41BA900618332 /* Model */ = {
			isa = PBXGroup;
			children = (
				7DD1B09C24B8F0BA0052BC7B /* SearchType.swift */,
				7D907C4824C00958007D5894 /* DynamicCollectionView.swift */,
			);
			path = Model;
			sourceTree = "<group>";
		};
/* End PBXGroup section */

/* Begin PBXNativeTarget section */
		7DFBA8C124B4189500618332 /* Aura */ = {
			isa = PBXNativeTarget;
			buildConfigurationList = 7DFBA8D624B418A200618332 /* Build configuration list for PBXNativeTarget "Aura" */;
			buildPhases = (
				7DFBA8BE24B4189500618332 /* Sources */,
				7DFBA8BF24B4189500618332 /* Frameworks */,
				7DFBA8C024B4189500618332 /* Resources */,
			);
			buildRules = (
			);
			dependencies = (
			);
			name = Aura;
			productName = Aura;
			productReference = 7DFBA8C224B4189500618332 /* Aura.app */;
			productType = "com.apple.product-type.application";
		};
/* End PBXNativeTarget section */

/* Begin PBXProject section */
		7DFBA8BA24B4189400618332 /* Project object */ = {
			isa = PBXProject;
			attributes = {
				LastSwiftUpdateCheck = 1130;
				LastUpgradeCheck = 1130;
				ORGANIZATIONNAME = "Max Dolensky";
				TargetAttributes = {
					7DFBA8C124B4189500618332 = {
						CreatedOnToolsVersion = 11.3;
					};
				};
			};
			buildConfigurationList = 7DFBA8BD24B4189400618332 /* Build configuration list for PBXProject "Aura" */;
			compatibilityVersion = "Xcode 9.3";
			developmentRegion = en;
			hasScannedForEncodings = 0;
			knownRegions = (
				en,
				Base,
			);
			mainGroup = 7DFBA8B924B4189400618332;
			productRefGroup = 7DFBA8C324B4189500618332 /* Products */;
			projectDirPath = "";
			projectRoot = "";
			targets = (
				7DFBA8C124B4189500618332 /* Aura */,
			);
		};
/* End PBXProject section */

/* Begin PBXResourcesBuildPhase section */
		7DFBA8C024B4189500618332 /* Resources */ = {
			isa = PBXResourcesBuildPhase;
			buildActionMask = 2147483647;
			files = (
				7DFBA8D224B418A200618332 /* LaunchScreen.storyboard in Resources */,
				7DFBA8CF24B418A200618332 /* Assets.xcassets in Resources */,
			);
			runOnlyForDeploymentPostprocessing = 0;
		};
/* End PBXResourcesBuildPhase section */

/* Begin PBXSourcesBuildPhase section */
		7DFBA8BE24B4189500618332 /* Sources */ = {
			isa = PBXSourcesBuildPhase;
			buildActionMask = 2147483647;
			files = (
				7D66D89A24B424160019BFF0 /* HomeController.swift in Sources */,
				7D66D8A224B424B20019BFF0 /* FlashCardController.swift in Sources */,
				7D66D89C24B4244D0019BFF0 /* SearchController.swift in Sources */,
				7DD1B09D24B8F0BE0052BC7B /* SearchType.swift in Sources */,
				7DFBA8CA24B4189500618332 /* TabBarController.swift in Sources */,
				7DD1B09F24BD06AB0052BC7B /* SoundItOutCell.swift in Sources */,
				7DFBA8C624B4189500618332 /* AppDelegate.swift in Sources */,
				7DFBA8C824B4189500618332 /* SceneDelegate.swift in Sources */,
				7D907C4924C00958007D5894 /* DynamicCollectionView.swift in Sources */,
				7D77098724B691DF0009B93B /* PrevSearchCell.swift in Sources */,
				7D66D8A024B4249B0019BFF0 /* LoginController.swift in Sources */,
				7D66D8A424B424C20019BFF0 /* LessonsController.swift in Sources */,
				7D66D89824B41EFB0019BFF0 /* Constants.swift in Sources */,
				7D77098524B566300009B93B /* Extensions.swift in Sources */,
				7D77098C24B7A2B20009B93B /* ResultsController.swift in Sources */,
				7D66D89E24B424830019BFF0 /* KeyController.swift in Sources */,
			);
			runOnlyForDeploymentPostprocessing = 0;
		};
/* End PBXSourcesBuildPhase section */

/* Begin PBXVariantGroup section */
		7DFBA8D024B418A200618332 /* LaunchScreen.storyboard */ = {
			isa = PBXVariantGroup;
			children = (
				7DFBA8D124B418A200618332 /* Base */,
			);
			name = LaunchScreen.storyboard;
			sourceTree = "<group>";
		};
/* End PBXVariantGroup section */

/* Begin XCBuildConfiguration section */
		7DFBA8D424B418A200618332 /* Debug */ = {
			isa = XCBuildConfiguration;
			buildSettings = {
				ALWAYS_SEARCH_USER_PATHS = NO;
				CLANG_ANALYZER_NONNULL = YES;
				CLANG_ANALYZER_NUMBER_OBJECT_CONVERSION = YES_AGGRESSIVE;
				CLANG_CXX_LANGUAGE_STANDARD = "gnu++14";
				CLANG_CXX_LIBRARY = "libc++";
				CLANG_ENABLE_MODULES = YES;
				CLANG_ENABLE_OBJC_ARC = YES;
				CLANG_ENABLE_OBJC_WEAK = YES;
				CLANG_WARN_BLOCK_CAPTURE_AUTORELEASING = YES;
				CLANG_WARN_BOOL_CONVERSION = YES;
				CLANG_WARN_COMMA = YES;
				CLANG_WARN_CONSTANT_CONVERSION = YES;
				CLANG_WARN_DEPRECATED_OBJC_IMPLEMENTATIONS = YES;
				CLANG_WARN_DIRECT_OBJC_ISA_USAGE = YES_ERROR;
				CLANG_WARN_DOCUMENTATION_COMMENTS = YES;
				CLANG_WARN_EMPTY_BODY = YES;
				CLANG_WARN_ENUM_CONVERSION = YES;
				CLANG_WARN_INFINITE_RECURSION = YES;
				CLANG_WARN_INT_CONVERSION = YES;
				CLANG_WARN_NON_LITERAL_NULL_CONVERSION = YES;
				CLANG_WARN_OBJC_IMPLICIT_RETAIN_SELF = YES;
				CLANG_WARN_OBJC_LITERAL_CONVERSION = YES;
				CLANG_WARN_OBJC_ROOT_CLASS = YES_ERROR;
				CLANG_WARN_RANGE_LOOP_ANALYSIS = YES;
				CLANG_WARN_STRICT_PROTOTYPES = YES;
				CLANG_WARN_SUSPICIOUS_MOVE = YES;
				CLANG_WARN_UNGUARDED_AVAILABILITY = YES_AGGRESSIVE;
				CLANG_WARN_UNREACHABLE_CODE = YES;
				CLANG_WARN__DUPLICATE_METHOD_MATCH = YES;
				COPY_PHASE_STRIP = NO;
				DEBUG_INFORMATION_FORMAT = dwarf;
				ENABLE_STRICT_OBJC_MSGSEND = YES;
				ENABLE_TESTABILITY = YES;
				GCC_C_LANGUAGE_STANDARD = gnu11;
				GCC_DYNAMIC_NO_PIC = NO;
				GCC_NO_COMMON_BLOCKS = YES;
				GCC_OPTIMIZATION_LEVEL = 0;
				GCC_PREPROCESSOR_DEFINITIONS = (
					"DEBUG=1",
					"$(inherited)",
				);
				GCC_WARN_64_TO_32_BIT_CONVERSION = YES;
				GCC_WARN_ABOUT_RETURN_TYPE = YES_ERROR;
				GCC_WARN_UNDECLARED_SELECTOR = YES;
				GCC_WARN_UNINITIALIZED_AUTOS = YES_AGGRESSIVE;
				GCC_WARN_UNUSED_FUNCTION = YES;
				GCC_WARN_UNUSED_VARIABLE = YES;
				IPHONEOS_DEPLOYMENT_TARGET = 13.2;
				MTL_ENABLE_DEBUG_INFO = INCLUDE_SOURCE;
				MTL_FAST_MATH = YES;
				ONLY_ACTIVE_ARCH = YES;
				SDKROOT = iphoneos;
				SWIFT_ACTIVE_COMPILATION_CONDITIONS = DEBUG;
				SWIFT_OPTIMIZATION_LEVEL = "-Onone";
			};
			name = Debug;
		};
		7DFBA8D524B418A200618332 /* Release */ = {
			isa = XCBuildConfiguration;
			buildSettings = {
				ALWAYS_SEARCH_USER_PATHS = NO;
				CLANG_ANALYZER_NONNULL = YES;
				CLANG_ANALYZER_NUMBER_OBJECT_CONVERSION = YES_AGGRESSIVE;
				CLANG_CXX_LANGUAGE_STANDARD = "gnu++14";
				CLANG_CXX_LIBRARY = "libc++";
				CLANG_ENABLE_MODULES = YES;
				CLANG_ENABLE_OBJC_ARC = YES;
				CLANG_ENABLE_OBJC_WEAK = YES;
				CLANG_WARN_BLOCK_CAPTURE_AUTORELEASING = YES;
				CLANG_WARN_BOOL_CONVERSION = YES;
				CLANG_WARN_COMMA = YES;
				CLANG_WARN_CONSTANT_CONVERSION = YES;
				CLANG_WARN_DEPRECATED_OBJC_IMPLEMENTATIONS = YES;
				CLANG_WARN_DIRECT_OBJC_ISA_USAGE = YES_ERROR;
				CLANG_WARN_DOCUMENTATION_COMMENTS = YES;
				CLANG_WARN_EMPTY_BODY = YES;
				CLANG_WARN_ENUM_CONVERSION = YES;
				CLANG_WARN_INFINITE_RECURSION = YES;
				CLANG_WARN_INT_CONVERSION = YES;
				CLANG_WARN_NON_LITERAL_NULL_CONVERSION = YES;
				CLANG_WARN_OBJC_IMPLICIT_RETAIN_SELF = YES;
				CLANG_WARN_OBJC_LITERAL_CONVERSION = YES;
				CLANG_WARN_OBJC_ROOT_CLASS = YES_ERROR;
				CLANG_WARN_RANGE_LOOP_ANALYSIS = YES;
				CLANG_WARN_STRICT_PROTOTYPES = YES;
				CLANG_WARN_SUSPICIOUS_MOVE = YES;
				CLANG_WARN_UNGUARDED_AVAILABILITY = YES_AGGRESSIVE;
				CLANG_WARN_UNREACHABLE_CODE = YES;
				CLANG_WARN__DUPLICATE_METHOD_MATCH = YES;
				COPY_PHASE_STRIP = NO;
				DEBUG_INFORMATION_FORMAT = "dwarf-with-dsym";
				ENABLE_NS_ASSERTIONS = NO;
				ENABLE_STRICT_OBJC_MSGSEND = YES;
				GCC_C_LANGUAGE_STANDARD = gnu11;
				GCC_NO_COMMON_BLOCKS = YES;
				GCC_WARN_64_TO_32_BIT_CONVERSION = YES;
				GCC_WARN_ABOUT_RETURN_TYPE = YES_ERROR;
				GCC_WARN_UNDECLARED_SELECTOR = YES;
				GCC_WARN_UNINITIALIZED_AUTOS = YES_AGGRESSIVE;
				GCC_WARN_UNUSED_FUNCTION = YES;
				GCC_WARN_UNUSED_VARIABLE = YES;
				IPHONEOS_DEPLOYMENT_TARGET = 13.2;
				MTL_ENABLE_DEBUG_INFO = NO;
				MTL_FAST_MATH = YES;
				SDKROOT = iphoneos;
				SWIFT_COMPILATION_MODE = wholemodule;
				SWIFT_OPTIMIZATION_LEVEL = "-O";
				VALIDATE_PRODUCT = YES;
			};
			name = Release;
		};
		7DFBA8D724B418A200618332 /* Debug */ = {
			isa = XCBuildConfiguration;
			buildSettings = {
				ASSETCATALOG_COMPILER_APPICON_NAME = AppIcon;
				CODE_SIGN_STYLE = Automatic;
				DEVELOPMENT_TEAM = AK255L4KWQ;
				INFOPLIST_FILE = Aura/Info.plist;
				LD_RUNPATH_SEARCH_PATHS = (
					"$(inherited)",
					"@executable_path/Frameworks",
				);
				PRODUCT_BUNDLE_IDENTIFIER = com.maxemus.Aura;
				PRODUCT_NAME = "$(TARGET_NAME)";
				SWIFT_VERSION = 5.0;
				TARGETED_DEVICE_FAMILY = "1,2";
			};
			name = Debug;
		};
		7DFBA8D824B418A200618332 /* Release */ = {
			isa = XCBuildConfiguration;
			buildSettings = {
				ASSETCATALOG_COMPILER_APPICON_NAME = AppIcon;
				CODE_SIGN_STYLE = Automatic;
				DEVELOPMENT_TEAM = AK255L4KWQ;
				INFOPLIST_FILE = Aura/Info.plist;
				LD_RUNPATH_SEARCH_PATHS = (
					"$(inherited)",
					"@executable_path/Frameworks",
				);
				PRODUCT_BUNDLE_IDENTIFIER = com.maxemus.Aura;
				PRODUCT_NAME = "$(TARGET_NAME)";
				SWIFT_VERSION = 5.0;
				TARGETED_DEVICE_FAMILY = "1,2";
			};
			name = Release;
		};
/* End XCBuildConfiguration section */

/* Begin XCConfigurationList section */
		7DFBA8BD24B4189400618332 /* Build configuration list for PBXProject "Aura" */ = {
			isa = XCConfigurationList;
			buildConfigurations = (
				7DFBA8D424B418A200618332 /* Debug */,
				7DFBA8D524B418A200618332 /* Release */,
			);
			defaultConfigurationIsVisible = 0;
			defaultConfigurationName = Release;
		};
		7DFBA8D624B418A200618332 /* Build configuration list for PBXNativeTarget "Aura" */ = {
			isa = XCConfigurationList;
			buildConfigurations = (
				7DFBA8D724B418A200618332 /* Debug */,
				7DFBA8D824B418A200618332 /* Release */,
			);
			defaultConfigurationIsVisible = 0;
			defaultConfigurationName = Release;
		};
/* End XCConfigurationList section */
	};
	rootObject = 7DFBA8BA24B4189400618332 /* Project object */;
}
